version: 6
environments:
  default:
    channels:
    - url: https://conda.anaconda.org/conda-forge/
    packages:
      linux-64:
      - conda: https://conda.anaconda.org/conda-forge/linux-64/_libgcc_mutex-0.1-conda_forge.tar.bz2
      - conda: https://conda.anaconda.org/conda-forge/linux-64/_openmp_mutex-4.5-2_gnu.tar.bz2
      - conda: https://conda.anaconda.org/conda-forge/linux-64/bzip2-1.0.8-h4bc722e_7.conda
      - conda: https://conda.anaconda.org/conda-forge/linux-64/libgcc-14.2.0-h767d61c_2.conda
      - conda: https://conda.anaconda.org/conda-forge/linux-64/libgcc-ng-14.2.0-h69a702a_2.conda
      - conda: https://conda.anaconda.org/conda-forge/linux-64/libgomp-14.2.0-h767d61c_2.conda
      linux-aarch64:
      - conda: https://conda.anaconda.org/conda-forge/linux-aarch64/_openmp_mutex-4.5-2_gnu.tar.bz2
      - conda: https://conda.anaconda.org/conda-forge/linux-aarch64/bzip2-1.0.8-h68df207_7.conda
      - conda: https://conda.anaconda.org/conda-forge/linux-aarch64/libgcc-14.2.0-he277a41_2.conda
      - conda: https://conda.anaconda.org/conda-forge/linux-aarch64/libgcc-ng-14.2.0-he9431aa_2.conda
      - conda: https://conda.anaconda.org/conda-forge/linux-aarch64/libgomp-14.2.0-he277a41_2.conda
      osx-64:
      - conda: https://conda.anaconda.org/conda-forge/osx-64/bzip2-1.0.8-hfdf4475_7.conda
      osx-arm64:
      - conda: https://conda.anaconda.org/conda-forge/osx-arm64/bzip2-1.0.8-h99b78c6_7.conda
      win-64:
      - conda: https://conda.anaconda.org/conda-forge/win-64/bzip2-1.0.8-h2466b09_7.conda
      - conda: https://conda.anaconda.org/conda-forge/win-64/ucrt-10.0.22621.0-h57928b3_1.conda
      - conda: https://conda.anaconda.org/conda-forge/win-64/vc-14.3-h2b53caa_26.conda
      - conda: https://conda.anaconda.org/conda-forge/win-64/vc14_runtime-14.42.34438-hfd919c2_26.conda
      win-arm64:
      - conda: https://conda.anaconda.org/conda-forge/win-arm64/bzip2-1.0.8-hfbbf558_7.conda
      - conda: https://conda.anaconda.org/conda-forge/win-arm64/vc-14.3-hfe6595e_26.conda
      - conda: https://conda.anaconda.org/conda-forge/win-arm64/vc14_runtime-14.42.34438-hfe4e545_26.conda
packages:
- conda: https://conda.anaconda.org/conda-forge/linux-64/_libgcc_mutex-0.1-conda_forge.tar.bz2
  sha256: fe51de6107f9edc7aa4f786a70f4a883943bc9d39b3bb7307c04c41410990726
  md5: d7c89558ba9fa0495403155b64376d81
  license: None
  size: 2562
  timestamp: 1578324546067
- conda: https://conda.anaconda.org/conda-forge/linux-64/_openmp_mutex-4.5-2_gnu.tar.bz2
  build_number: 16
  sha256: fbe2c5e56a653bebb982eda4876a9178aedfc2b545f25d0ce9c4c0b508253d22
  md5: 73aaf86a425cc6e73fcf236a5a46396d
  depends:
  - _libgcc_mutex 0.1 conda_forge
  - libgomp >=7.5.0
  constrains:
  - openmp_impl 9999
  license: BSD-3-Clause
  license_family: BSD
  size: 23621
  timestamp: 1650670423406
- conda: https://conda.anaconda.org/conda-forge/linux-aarch64/_openmp_mutex-4.5-2_gnu.tar.bz2
  build_number: 16
  sha256: 3702bef2f0a4d38bd8288bbe54aace623602a1343c2cfbefd3fa188e015bebf0
  md5: 6168d71addc746e8f2b8d57dfd2edcea
  depends:
  - libgomp >=7.5.0
  constrains:
  - openmp_impl 9999
  license: BSD-3-Clause
  license_family: BSD
  size: 23712
  timestamp: 1650670790230
- conda: https://conda.anaconda.org/conda-forge/linux-64/bzip2-1.0.8-h4bc722e_7.conda
  sha256: 5ced96500d945fb286c9c838e54fa759aa04a7129c59800f0846b4335cee770d
  md5: 62ee74e96c5ebb0af99386de58cf9553
  depends:
  - __glibc >=2.17,<3.0.a0
  - libgcc-ng >=12
  license: bzip2-1.0.6
  license_family: BSD
  size: 252783
  timestamp: 1720974456583
- conda: https://conda.anaconda.org/conda-forge/linux-aarch64/bzip2-1.0.8-h68df207_7.conda
  sha256: 2258b0b33e1cb3a9852d47557984abb6e7ea58e3d7f92706ec1f8e879290c4cb
  md5: 56398c28220513b9ea13d7b450acfb20
  depends:
  - libgcc-ng >=12
  license: bzip2-1.0.6
  license_family: BSD
  size: 189884
  timestamp: 1720974504976
- conda: https://conda.anaconda.org/conda-forge/osx-64/bzip2-1.0.8-hfdf4475_7.conda
  sha256: cad153608b81fb24fc8c509357daa9ae4e49dfc535b2cb49b91e23dbd68fc3c5
  md5: 7ed4301d437b59045be7e051a0308211
  depends:
  - __osx >=10.13
  license: bzip2-1.0.6
  license_family: BSD
  size: 134188
  timestamp: 1720974491916
- conda: https://conda.anaconda.org/conda-forge/osx-arm64/bzip2-1.0.8-h99b78c6_7.conda
  sha256: adfa71f158cbd872a36394c56c3568e6034aa55c623634b37a4836bd036e6b91
  md5: fc6948412dbbbe9a4c9ddbbcfe0a79ab
  depends:
  - __osx >=11.0
  license: bzip2-1.0.6
  license_family: BSD
  size: 122909
  timestamp: 1720974522888
- conda: https://conda.anaconda.org/conda-forge/win-64/bzip2-1.0.8-h2466b09_7.conda
  sha256: 35a5dad92e88fdd7fc405e864ec239486f4f31eec229e31686e61a140a8e573b
  md5: 276e7ffe9ffe39688abc665ef0f45596
  depends:
  - ucrt >=10.0.20348.0
  - vc >=14.2,<15
  - vc14_runtime >=14.29.30139
  license: bzip2-1.0.6
  license_family: BSD
  size: 54927
  timestamp: 1720974860185
- conda: https://conda.anaconda.org/conda-forge/win-arm64/bzip2-1.0.8-hfbbf558_7.conda
  sha256: f6b3f14c17f7aebe0ac88e74957644da17288b1b78f8776ed4f04a4e6e4a7d9c
  md5: 86d73707c1a3db358fb0b42fb6e33add
  depends:
  - vc >=14.3,<15
  - vc14_runtime >=14.40.33810
  license: bzip2-1.0.6
  license_family: BSD
  size: 54629
  timestamp: 1720974690059
- conda: https://conda.anaconda.org/conda-forge/linux-64/libgcc-14.2.0-h767d61c_2.conda
  sha256: 3a572d031cb86deb541d15c1875aaa097baefc0c580b54dc61f5edab99215792
  md5: ef504d1acbd74b7cc6849ef8af47dd03
  depends:
  - __glibc >=2.17,<3.0.a0
  - _openmp_mutex >=4.5
  constrains:
  - libgomp 14.2.0 h767d61c_2
  - libgcc-ng ==14.2.0=*_2
  license: GPL-3.0-only WITH GCC-exception-3.1
  license_family: GPL
  size: 847885
  timestamp: 1740240653082
- conda: https://conda.anaconda.org/conda-forge/linux-aarch64/libgcc-14.2.0-he277a41_2.conda
  sha256: a57f7f9ba2a12f56eafdcd25b6d75f7be10b8fc1a802a58b76a77ca8c66f4503
  md5: 6b4268a60b10f29257b51b9b67ff8d76
  depends:
  - _openmp_mutex >=4.5
  constrains:
  - libgcc-ng ==14.2.0=*_2
  - libgomp 14.2.0 he277a41_2
  license: GPL-3.0-only WITH GCC-exception-3.1
  license_family: GPL
  size: 535507
  timestamp: 1740241069780
- conda: https://conda.anaconda.org/conda-forge/linux-64/libgcc-ng-14.2.0-h69a702a_2.conda
  sha256: fb7558c328b38b2f9d2e412c48da7890e7721ba018d733ebdfea57280df01904
  md5: a2222a6ada71fb478682efe483ce0f92
  depends:
  - libgcc 14.2.0 h767d61c_2
  license: GPL-3.0-only WITH GCC-exception-3.1
  license_family: GPL
  size: 53758
  timestamp: 1740240660904
- conda: https://conda.anaconda.org/conda-forge/linux-aarch64/libgcc-ng-14.2.0-he9431aa_2.conda
  sha256: 9647f75cddc18b07eebe6e1f21500eed50a6af2c43c84e831b4c7a597e10d226
  md5: 692c2bb75f32cfafb6799cf6d1c5d0e0
  depends:
  - libgcc 14.2.0 he277a41_2
  license: GPL-3.0-only WITH GCC-exception-3.1
  license_family: GPL
  size: 53622
  timestamp: 1740241074834
- conda: https://conda.anaconda.org/conda-forge/linux-64/libgomp-14.2.0-h767d61c_2.conda
  sha256: 1a3130e0b9267e781b89399580f3163632d59fe5b0142900d63052ab1a53490e
  md5: 06d02030237f4d5b3d9a7e7d348fe3c6
  depends:
  - __glibc >=2.17,<3.0.a0
  license: GPL-3.0-only WITH GCC-exception-3.1
  license_family: GPL
  size: 459862
  timestamp: 1740240588123
- conda: https://conda.anaconda.org/conda-forge/linux-aarch64/libgomp-14.2.0-he277a41_2.conda
  sha256: 4e303711fb7413bf98995beac58e731073099d7a669a3b81e49330ca8da05174
  md5: b11c09d9463daf4cae492d29806b1889
  license: GPL-3.0-only WITH GCC-exception-3.1
  license_family: GPL
  size: 462783
  timestamp: 1740241005079
- conda: https://conda.anaconda.org/conda-forge/win-64/ucrt-10.0.22621.0-h57928b3_1.conda
  sha256: db8dead3dd30fb1a032737554ce91e2819b43496a0db09927edf01c32b577450
  md5: 6797b005cd0f439c4c5c9ac565783700
  constrains:
  - vs2015_runtime >=14.29.30037
  license: LicenseRef-MicrosoftWindowsSDK10
  size: 559710
  timestamp: 1728377334097
- conda: https://conda.anaconda.org/conda-forge/win-64/vc-14.3-h2b53caa_26.conda
  sha256: 7a685b5c37e9713fa314a0d26b8b1d7a2e6de5ab758698199b5d5b6dba2e3ce1
  md5: d3f0381e38093bde620a8d85f266ae55
  depends:
  - vc14_runtime >=14.42.34433
  track_features:
  - vc14
  license: BSD-3-Clause
  license_family: BSD
  size: 17893
  timestamp: 1743195261486
- conda: https://conda.anaconda.org/conda-forge/win-arm64/vc-14.3-hfe6595e_26.conda
  sha256: dc8f1cbbfd91e267a05cdf9bb0a04e983f9df6b02885446dfe0d796c99e67e0a
  md5: a57c01b43b14be7d028c84bad0bc1599
  depends:
  - vc14_runtime >=14.42.34438
  track_features:
  - vc14
  license: BSD-3-Clause
  license_family: BSD
  size: 17394
  timestamp: 1743194837327
- conda: https://conda.anaconda.org/conda-forge/win-64/vc14_runtime-14.42.34438-hfd919c2_26.conda
  sha256: 30dcb71bb166e351aadbdc18f1718757c32cdaa0e1e5d9368469ee44f6bf4709
  md5: 91651a36d31aa20c7ba36299fb7068f4
  depends:
  - ucrt >=10.0.20348.0
  constrains:
  - vs2015_runtime 14.42.34438.* *_26
  license: LicenseRef-MicrosoftVisualCpp2015-2022Runtime
  license_family: Proprietary
  size: 750733
  timestamp: 1743195092905
- conda: https://conda.anaconda.org/conda-forge/win-arm64/vc14_runtime-14.42.34438-hfe4e545_26.conda
  sha256: 37cf20eb09cf77e261d61ba40b322e010a7043b4247f01420f8241bd68a683ba
  md5: 1995ed932d07efb2fe632778484f9fbb
  license: LicenseRef-MicrosoftVisualCpp2015-2022Runtime
  license_family: Proprietary
  size: 15480436
  timestamp: 1743194808631
