metadata:
  content_hash:
    linux-64: e90c2ee71ad70fc0a1c8302029533a7d1498f2bffcd0eaa8d2934700e775dc1d
    osx-64: e90c2ee71ad70fc0a1c8302029533a7d1498f2bffcd0eaa8d2934700e775dc1d
    osx-arm64: e90c2ee71ad70fc0a1c8302029533a7d1498f2bffcd0eaa8d2934700e775dc1d
    win-64: e90c2ee71ad70fc0a1c8302029533a7d1498f2bffcd0eaa8d2934700e775dc1d
  channels:
  - url: https://conda.anaconda.org/conda-forge/
    used_env_vars: []
  platforms:
  - linux-64
  - osx-64
  - osx-arm64
  - win-64
  sources: []
  time_metadata: null
  git_metadata: null
  inputs_metadata: null
  custom_metadata: null
package:
- name: _libgcc_mutex
  version: '0.1'
  manager: conda
  platform: linux-64
  dependencies: {}
  url: https://conda.anaconda.org/conda-forge/linux-64/_libgcc_mutex-0.1-conda_forge.tar.bz2
  hash:
    md5: d7c89558ba9fa0495403155b64376d81
    sha256: fe51de6107f9edc7aa4f786a70f4a883943bc9d39b3bb7307c04c41410990726
  optional: false
  category: main
  build: conda_forge
  arch: x86_64
  subdir: linux-64
  build_number: 0
  license: None
  size: 2562
  timestamp: 1578324546067
- name: _openmp_mutex
  version: '4.5'
  manager: conda
  platform: linux-64
  dependencies:
    libgomp: '>=7.5.0'
    _libgcc_mutex: ==0.1 conda_forge
  url: https://conda.anaconda.org/conda-forge/linux-64/_openmp_mutex-4.5-2_gnu.tar.bz2
  hash:
    md5: 73aaf86a425cc6e73fcf236a5a46396d
    sha256: fbe2c5e56a653bebb982eda4876a9178aedfc2b545f25d0ce9c4c0b508253d22
  optional: false
  category: main
  build: 2_gnu
  arch: x86_64
  subdir: linux-64
  build_number: 16
  constrains:
  - openmp_impl 9999
  license: BSD-3-Clause
  license_family: BSD
  size: 23621
  timestamp: 1650670423406
- name: ca-certificates
  version: 2023.7.22
  manager: conda
  platform: linux-64
  dependencies: {}
  url: https://conda.anaconda.org/conda-forge/linux-64/ca-certificates-2023.7.22-hbcca054_0.conda
  hash:
    md5: a73ecd2988327ad4c8f2c331482917f2
    sha256: 525b7b6b5135b952ec1808de84e5eca57c7c7ff144e29ef3e96ae4040ff432c1
  optional: false
  category: main
  build: hbcca054_0
  arch: x86_64
  subdir: linux-64
  build_number: 0
  license: ISC
  size: 149515
  timestamp: 1690026108541
- name: libcxx
  version: 16.0.6
  manager: conda
  platform: osx-64
  dependencies: {}
  url: https://conda.anaconda.org/conda-forge/osx-64/libcxx-16.0.6-hd57cbcb_0.conda
  hash:
    md5: 7d6972792161077908b62971802f289a
    sha256: 9063271847cf05f3a6cc6cae3e7f0ced032ab5f3a3c9d3f943f876f39c5c2549
  optional: false
  category: main
  build: hd57cbcb_0
  arch: x86_64
  subdir: osx-64
  build_number: 0
  license: Apache-2.0 WITH LLVM-exception
  license_family: Apache
  size: 1142172
  timestamp: 1686896907750
- name: libcxx
  version: 16.0.6
  manager: conda
  platform: osx-arm64
  dependencies: {}
  url: https://conda.anaconda.org/conda-forge/osx-arm64/libcxx-16.0.6-h4653b0c_0.conda
  hash:
    md5: 9d7d724faf0413bf1dbc5a85935700c8
    sha256: 11d3fb51c14832d9e4f6d84080a375dec21ea8a3a381a1910e67ff9cedc20355
  optional: false
  category: main
  build: h4653b0c_0
  arch: aarch64
  subdir: osx-arm64
  build_number: 0
  license: Apache-2.0 WITH LLVM-exception
  license_family: Apache
  size: 1160232
  timestamp: 1686896993785
- name: libgcc-ng
  version: 13.1.0
  manager: conda
  platform: linux-64
  dependencies:
    _libgcc_mutex: ==0.1 conda_forge
    _openmp_mutex: '>=4.5'
  url: https://conda.anaconda.org/conda-forge/linux-64/libgcc-ng-13.1.0-he5830b7_0.conda
  hash:
    md5: cd93f779ff018dd85c7544c015c9db3c
    sha256: fba897a02f35b2b5e6edc43a746d1fa6970a77b422f258246316110af8966911
  optional: false
  category: main
  build: he5830b7_0
  arch: x86_64
  subdir: linux-64
  build_number: 0
  constrains:
  - libgomp 13.1.0 he5830b7_0
  license: GPL-3.0-only WITH GCC-exception-3.1
  license_family: GPL
  size: 776294
  timestamp: 1685816209343
- name: libgomp
  version: 13.1.0
  manager: conda
  platform: linux-64
  dependencies:
    _libgcc_mutex: ==0.1 conda_forge
  url: https://conda.anaconda.org/conda-forge/linux-64/libgomp-13.1.0-he5830b7_0.conda
  hash:
    md5: 56ca14d57ac29a75d23a39eb3ee0ddeb
    sha256: 5d441d80b57f857ad305a65169a6b915d4fd6735cdc9e9bded35d493c91ef16d
  optional: false
  category: main
  build: he5830b7_0
  arch: x86_64
  subdir: linux-64
  build_number: 0
  license: GPL-3.0-only WITH GCC-exception-3.1
  license_family: GPL
  size: 419184
  timestamp: 1685816132543
- name: libstdcxx-ng
  version: 13.2.0
  manager: conda
  platform: linux-64
  dependencies: {}
  url: https://conda.anaconda.org/conda-forge/linux-64/libstdcxx-ng-13.2.0-h7e041cc_2.conda
  hash:
    md5: 9172c297304f2a20134fc56c97fbe229
    sha256: ab22ecdc974cdbe148874ea876d9c564294d5eafa760f403ed4fd495307b4243
  optional: false
  category: main
  build: h7e041cc_2
  arch: x86_64
  subdir: linux-64
  build_number: 2
  license: GPL-3.0-only WITH GCC-exception-3.1
  license_family: GPL
  size: 3842773
  timestamp: 1695219454837
- name: openssl
  version: 3.1.3
  manager: conda
  platform: linux-64
  dependencies:
    ca-certificates: '*'
    libgcc-ng: '>=12'
  url: https://conda.anaconda.org/conda-forge/linux-64/openssl-3.1.3-hd590300_0.conda
  hash:
    md5: 7bb88ce04c8deb9f7d763ae04a1da72f
    sha256: f4e35f506c7e8ab7dfdc47255b0d5aa8ce0c99028ae0affafd274333042c4f70
  optional: false
  category: main
  build: hd590300_0
  arch: x86_64
  subdir: linux-64
  build_number: 0
  constrains:
  - pyopenssl >=22.1
  license: Apache-2.0
  license_family: Apache
  size: 2642850
  timestamp: 1695158025027
- name: pixi
  version: 0.4.0
  manager: conda
  platform: linux-64
  dependencies:
    libgcc-ng: '>=12'
    libstdcxx-ng: '>=12'
    openssl: '>=3.1.3,<4.0a0'
  url: https://conda.anaconda.org/conda-forge/linux-64/pixi-0.4.0-h614bb76_0.conda
  hash:
    md5: 5405f8e4b0b29fef5b89831112945070
    sha256: 0f40c3d95356907a568bc96bd085704a700e7b3aaeabbdbae988dce29dbf4282
  optional: false
  category: main
  build: h614bb76_0
  arch: x86_64
  subdir: linux-64
  build_number: 0
  license: BSD-3-Clause
  license_family: BSD
  size: 7216011
  timestamp: 1695423294189
- name: pixi
  version: 0.4.0
  manager: conda
  platform: osx-64
  dependencies:
    libcxx: '>=15.0.7'
  url: https://conda.anaconda.org/conda-forge/osx-64/pixi-0.4.0-h04a10be_0.conda
  hash:
    md5: 6df17b95848355cbba94778cc0978789
    sha256: 553164f880695a9727d6ff88bfe72bbedd18d4b942cfb956e15d04bbbe14026e
  optional: false
  category: main
  build: h04a10be_0
  arch: x86_64
  subdir: osx-64
  build_number: 0
  license: BSD-3-Clause
  license_family: BSD
  size: 4935643
  timestamp: 1695423844793
- name: pixi
  version: 0.4.0
  manager: conda
  platform: osx-arm64
  dependencies:
    libcxx: '>=15.0.7'
  url: https://conda.anaconda.org/conda-forge/osx-arm64/pixi-0.4.0-hd3556d1_0.conda
  hash:
    md5: c1653ad269409d90876912018f783832
    sha256: 5a99e26183521738c4feb330c8852bff4fc4e092ae1ba39be921d64a186e7fde
  optional: false
  category: main
  build: hd3556d1_0
  arch: aarch64
  subdir: osx-arm64
  build_number: 0
  license: BSD-3-Clause
  license_family: BSD
  size: 5005896
  timestamp: 1695424078134
- name: pixi
  version: 0.4.0
  manager: conda
  platform: win-64
  dependencies:
    ucrt: '>=10.0.20348.0'
    vc: '>=14.2,<15'
    vc14_runtime: '>=14.29.30139'
  url: https://conda.anaconda.org/conda-forge/win-64/pixi-0.4.0-h7ea99a0_0.conda
  hash:
    md5: b47b2ac5011f4bb7d0a1064b88d29ee5
    sha256: 17bed55a394c12b5501f6b44f9326f8b7c27eccf8cea469da376d1972bbb866d
  optional: false
  category: main
  build: h7ea99a0_0
  arch: x86_64
  subdir: win-64
  build_number: 0
  license: BSD-3-Clause
  license_family: BSD
  size: 4477979
  timestamp: 1695424149626
- name: ucrt
  version: 10.0.22621.0
  manager: conda
  platform: win-64
  dependencies: {}
  url: https://conda.anaconda.org/conda-forge/win-64/ucrt-10.0.22621.0-h57928b3_0.tar.bz2
  hash:
    md5: 72608f6cd3e5898229c3ea16deb1ac43
    sha256: f29cdaf8712008f6b419b8b1a403923b00ab2504bfe0fb2ba8eb60e72d4f14c6
  optional: false
  category: main
  build: h57928b3_0
  arch: x86_64
  subdir: win-64
  build_number: 0
  constrains:
  - vs2015_runtime >=14.29.30037
  license: LicenseRef-Proprietary
  license_family: PROPRIETARY
  size: 1283972
  timestamp: 1666630199266
- name: vc
  version: '14.3'
  manager: conda
  platform: win-64
  dependencies:
    vc14_runtime: '>=14.36.32532'
  url: https://conda.anaconda.org/conda-forge/win-64/vc-14.3-h64f974e_17.conda
  hash:
    md5: 67ff6791f235bb606659bf2a5c169191
    sha256: 86ae94bf680980776aa761c2b0909a0ddbe1f817e7eeb8b16a1730f10f8891b6
  optional: false
  category: main
  build: h64f974e_17
  arch: x86_64
  subdir: win-64
  build_number: 17
  track_features:
  - vc14
  license: BSD-3-Clause
  license_family: BSD
  size: 17176
  timestamp: 1688020629925
- name: vc14_runtime
  version: 14.36.32532
  manager: conda
  platform: win-64
  dependencies:
    ucrt: '>=10.0.20348.0'
  url: https://conda.anaconda.org/conda-forge/win-64/vc14_runtime-14.36.32532-hfdfe4a8_17.conda
  hash:
    md5: 91c1ecaf3996889532fc0456178b1058
    sha256: e76986c555647347a0185e646ef65625dabed60da255f6b30367df8bd6dc6cd8
  optional: false
  category: main
  build: hfdfe4a8_17
  arch: x86_64
  subdir: win-64
  build_number: 17
  constrains:
  - vs2015_runtime 14.36.32532.* *_17
  license: LicenseRef-ProprietaryMicrosoft
  license_family: Proprietary
  size: 740599
  timestamp: 1688020615962
version: 1
